
Microsoft Visual Studio Solution File, Format Version 12.00
# Visual Studio Version 17
VisualStudioVersion = 17.5.33516.290
MinimumVisualStudioVersion = 10.0.40219.1
Project("{9A19103F-16F7-4668-BE54-9A1E7A4F7556}") = "MusicApp.Identity.Web", "MusicApp.Identity.Web\MusicApp.Identity.Web.csproj", "{D72AF130-2802-4BD9-87E7-0ABFA11B8789}"
EndProject
Project("{9A19103F-16F7-4668-BE54-9A1E7A4F7556}") = "MusicApp.Identity.Domain", "MusicApp.Identity.Domain\MusicApp.Identity.Domain.csproj", "{45871ACF-A736-4DD2-9236-9ECBDB2FD0F4}"
EndProject
Project("{9A19103F-16F7-4668-BE54-9A1E7A4F7556}") = "MusicApp.Identity.Application", "MusicApp.Identity.Application\MusicApp.Identity.Application.csproj", "{AEE7C015-FF58-4ACB-BD03-9823E43A9F88}"
EndProject
Project("{9A19103F-16F7-4668-BE54-9A1E7A4F7556}") = "MusicApp.Identity.Infrastructure", "MusicApp.Identity.Infrastructure\MusicApp.Identity.Infrastructure.csproj", "{B85E7CF1-7926-42F8-B658-24718E24DAB6}"
EndProject
Project("{9A19103F-16F7-4668-BE54-9A1E7A4F7556}") = "MusicApp.SongService.Domain", "MusicApp.SongService.Domain\MusicApp.SongService.Domain.csproj", "{19ABC730-A9A5-4428-B43B-7816D4BC3786}"
EndProject
Project("{2150E333-8FDC-42A3-9474-1A3956D46DE8}") = "Identity", "Identity", "{8BD283EB-BCCD-430C-B430-73C8A2A7F6AC}"
EndProject
Project("{2150E333-8FDC-42A3-9474-1A3956D46DE8}") = "SongService", "SongService", "{0913EC1F-6536-41C0-A806-95BCC80E9EA0}"
EndProject
Project("{9A19103F-16F7-4668-BE54-9A1E7A4F7556}") = "MusicApp.SongService.Application", "MusicApp.SongService.Application\MusicApp.SongService.Application.csproj", "{66B705CE-7FDF-48FB-8E4F-E0872C73CEEE}"
EndProject
Project("{9A19103F-16F7-4668-BE54-9A1E7A4F7556}") = "MusicApp.SongService.Infrastructure", "MusicApp.SongService.Infrastructure\MusicApp.SongService.Infrastructure.csproj", "{B5BC8237-EBF2-40A6-953F-8048375FC2B8}"
EndProject
Project("{9A19103F-16F7-4668-BE54-9A1E7A4F7556}") = "MusicApp.SongService.Web", "MusicApp.SongService.Web\MusicApp.SongService.Web.csproj", "{C3FE13D3-6BE4-492E-80F0-12B1D3A4BF92}"
EndProject
Project("{2150E333-8FDC-42A3-9474-1A3956D46DE8}") = "PlaylistService", "PlaylistService", "{0DFF27BA-99A4-4503-A1EC-54072A4D1863}"
EndProject
Project("{FAE04EC0-301F-11D3-BF4B-00C04F79EFBC}") = "MusicApp.PlaylistService.Domain", "MusicApp.PlaylistService.Domain\MusicApp.PlaylistService.Domain.csproj", "{8FDBD7BD-9C8B-4426-9E12-C9D23A923703}"
EndProject
Project("{FAE04EC0-301F-11D3-BF4B-00C04F79EFBC}") = "MusicApp.PlaylistService.Application", "MusicApp.PlaylistService.Application\MusicApp.PlaylistService.Application.csproj", "{B716590A-9270-4CD9-9609-FF0CF28D1DBE}"
EndProject
Project("{FAE04EC0-301F-11D3-BF4B-00C04F79EFBC}") = "MusicApp.PlaylistService.Infrastructure", "MusicApp.PlaylistService.Infrastructure\MusicApp.PlaylistService.Infrastructure.csproj", "{8C7436B5-1A3C-4FC5-B8C0-E28323009214}"
EndProject
Project("{FAE04EC0-301F-11D3-BF4B-00C04F79EFBC}") = "MusicApp.PlaylistService.Web", "MusicApp.PlaylistService.Web\MusicApp.PlaylistService.Web.csproj", "{E21248F0-B6FD-46AE-9C9A-E3CE62C803AB}"
EndProject
Global
	GlobalSection(SolutionConfigurationPlatforms) = preSolution
		Debug|Any CPU = Debug|Any CPU
		Release|Any CPU = Release|Any CPU
	EndGlobalSection
	GlobalSection(ProjectConfigurationPlatforms) = postSolution
		{D72AF130-2802-4BD9-87E7-0ABFA11B8789}.Debug|Any CPU.ActiveCfg = Debug|Any CPU
		{D72AF130-2802-4BD9-87E7-0ABFA11B8789}.Debug|Any CPU.Build.0 = Debug|Any CPU
		{D72AF130-2802-4BD9-87E7-0ABFA11B8789}.Release|Any CPU.ActiveCfg = Release|Any CPU
		{D72AF130-2802-4BD9-87E7-0ABFA11B8789}.Release|Any CPU.Build.0 = Release|Any CPU
		{45871ACF-A736-4DD2-9236-9ECBDB2FD0F4}.Debug|Any CPU.ActiveCfg = Debug|Any CPU
		{45871ACF-A736-4DD2-9236-9ECBDB2FD0F4}.Debug|Any CPU.Build.0 = Debug|Any CPU
		{45871ACF-A736-4DD2-9236-9ECBDB2FD0F4}.Release|Any CPU.ActiveCfg = Release|Any CPU
		{45871ACF-A736-4DD2-9236-9ECBDB2FD0F4}.Release|Any CPU.Build.0 = Release|Any CPU
		{AEE7C015-FF58-4ACB-BD03-9823E43A9F88}.Debug|Any CPU.ActiveCfg = Debug|Any CPU
		{AEE7C015-FF58-4ACB-BD03-9823E43A9F88}.Debug|Any CPU.Build.0 = Debug|Any CPU
		{AEE7C015-FF58-4ACB-BD03-9823E43A9F88}.Release|Any CPU.ActiveCfg = Release|Any CPU
		{AEE7C015-FF58-4ACB-BD03-9823E43A9F88}.Release|Any CPU.Build.0 = Release|Any CPU
		{B85E7CF1-7926-42F8-B658-24718E24DAB6}.Debug|Any CPU.ActiveCfg = Debug|Any CPU
		{B85E7CF1-7926-42F8-B658-24718E24DAB6}.Debug|Any CPU.Build.0 = Debug|Any CPU
		{B85E7CF1-7926-42F8-B658-24718E24DAB6}.Release|Any CPU.ActiveCfg = Release|Any CPU
		{B85E7CF1-7926-42F8-B658-24718E24DAB6}.Release|Any CPU.Build.0 = Release|Any CPU
		{19ABC730-A9A5-4428-B43B-7816D4BC3786}.Debug|Any CPU.ActiveCfg = Debug|Any CPU
		{19ABC730-A9A5-4428-B43B-7816D4BC3786}.Debug|Any CPU.Build.0 = Debug|Any CPU
		{19ABC730-A9A5-4428-B43B-7816D4BC3786}.Release|Any CPU.ActiveCfg = Release|Any CPU
		{19ABC730-A9A5-4428-B43B-7816D4BC3786}.Release|Any CPU.Build.0 = Release|Any CPU
		{66B705CE-7FDF-48FB-8E4F-E0872C73CEEE}.Debug|Any CPU.ActiveCfg = Debug|Any CPU
		{66B705CE-7FDF-48FB-8E4F-E0872C73CEEE}.Debug|Any CPU.Build.0 = Debug|Any CPU
		{66B705CE-7FDF-48FB-8E4F-E0872C73CEEE}.Release|Any CPU.ActiveCfg = Release|Any CPU
		{66B705CE-7FDF-48FB-8E4F-E0872C73CEEE}.Release|Any CPU.Build.0 = Release|Any CPU
		{B5BC8237-EBF2-40A6-953F-8048375FC2B8}.Debug|Any CPU.ActiveCfg = Debug|Any CPU
		{B5BC8237-EBF2-40A6-953F-8048375FC2B8}.Debug|Any CPU.Build.0 = Debug|Any CPU
		{B5BC8237-EBF2-40A6-953F-8048375FC2B8}.Release|Any CPU.ActiveCfg = Release|Any CPU
		{B5BC8237-EBF2-40A6-953F-8048375FC2B8}.Release|Any CPU.Build.0 = Release|Any CPU
		{C3FE13D3-6BE4-492E-80F0-12B1D3A4BF92}.Debug|Any CPU.ActiveCfg = Debug|Any CPU
		{C3FE13D3-6BE4-492E-80F0-12B1D3A4BF92}.Debug|Any CPU.Build.0 = Debug|Any CPU
		{C3FE13D3-6BE4-492E-80F0-12B1D3A4BF92}.Release|Any CPU.ActiveCfg = Release|Any CPU
		{C3FE13D3-6BE4-492E-80F0-12B1D3A4BF92}.Release|Any CPU.Build.0 = Release|Any CPU
		{8FDBD7BD-9C8B-4426-9E12-C9D23A923703}.Debug|Any CPU.ActiveCfg = Debug|Any CPU
		{8FDBD7BD-9C8B-4426-9E12-C9D23A923703}.Debug|Any CPU.Build.0 = Debug|Any CPU
		{8FDBD7BD-9C8B-4426-9E12-C9D23A923703}.Release|Any CPU.ActiveCfg = Release|Any CPU
		{8FDBD7BD-9C8B-4426-9E12-C9D23A923703}.Release|Any CPU.Build.0 = Release|Any CPU
		{B716590A-9270-4CD9-9609-FF0CF28D1DBE}.Debug|Any CPU.ActiveCfg = Debug|Any CPU
		{B716590A-9270-4CD9-9609-FF0CF28D1DBE}.Debug|Any CPU.Build.0 = Debug|Any CPU
		{B716590A-9270-4CD9-9609-FF0CF28D1DBE}.Release|Any CPU.ActiveCfg = Release|Any CPU
		{B716590A-9270-4CD9-9609-FF0CF28D1DBE}.Release|Any CPU.Build.0 = Release|Any CPU
		{8C7436B5-1A3C-4FC5-B8C0-E28323009214}.Debug|Any CPU.ActiveCfg = Debug|Any CPU
		{8C7436B5-1A3C-4FC5-B8C0-E28323009214}.Debug|Any CPU.Build.0 = Debug|Any CPU
		{8C7436B5-1A3C-4FC5-B8C0-E28323009214}.Release|Any CPU.ActiveCfg = Release|Any CPU
		{8C7436B5-1A3C-4FC5-B8C0-E28323009214}.Release|Any CPU.Build.0 = Release|Any CPU
		{E21248F0-B6FD-46AE-9C9A-E3CE62C803AB}.Debug|Any CPU.ActiveCfg = Debug|Any CPU
		{E21248F0-B6FD-46AE-9C9A-E3CE62C803AB}.Debug|Any CPU.Build.0 = Debug|Any CPU
		{E21248F0-B6FD-46AE-9C9A-E3CE62C803AB}.Release|Any CPU.ActiveCfg = Release|Any CPU
		{E21248F0-B6FD-46AE-9C9A-E3CE62C803AB}.Release|Any CPU.Build.0 = Release|Any CPU
	EndGlobalSection
	GlobalSection(SolutionProperties) = preSolution
		HideSolutionNode = FALSE
	EndGlobalSection
	GlobalSection(NestedProjects) = preSolution
		{D72AF130-2802-4BD9-87E7-0ABFA11B8789} = {8BD283EB-BCCD-430C-B430-73C8A2A7F6AC}
		{45871ACF-A736-4DD2-9236-9ECBDB2FD0F4} = {8BD283EB-BCCD-430C-B430-73C8A2A7F6AC}
		{AEE7C015-FF58-4ACB-BD03-9823E43A9F88} = {8BD283EB-BCCD-430C-B430-73C8A2A7F6AC}
		{B85E7CF1-7926-42F8-B658-24718E24DAB6} = {8BD283EB-BCCD-430C-B430-73C8A2A7F6AC}
		{19ABC730-A9A5-4428-B43B-7816D4BC3786} = {0913EC1F-6536-41C0-A806-95BCC80E9EA0}
		{66B705CE-7FDF-48FB-8E4F-E0872C73CEEE} = {0913EC1F-6536-41C0-A806-95BCC80E9EA0}
		{B5BC8237-EBF2-40A6-953F-8048375FC2B8} = {0913EC1F-6536-41C0-A806-95BCC80E9EA0}
		{C3FE13D3-6BE4-492E-80F0-12B1D3A4BF92} = {0913EC1F-6536-41C0-A806-95BCC80E9EA0}
		{8FDBD7BD-9C8B-4426-9E12-C9D23A923703} = {0DFF27BA-99A4-4503-A1EC-54072A4D1863}
		{B716590A-9270-4CD9-9609-FF0CF28D1DBE} = {0DFF27BA-99A4-4503-A1EC-54072A4D1863}
		{8C7436B5-1A3C-4FC5-B8C0-E28323009214} = {0DFF27BA-99A4-4503-A1EC-54072A4D1863}
		{E21248F0-B6FD-46AE-9C9A-E3CE62C803AB} = {0DFF27BA-99A4-4503-A1EC-54072A4D1863}
	EndGlobalSection
	GlobalSection(ExtensibilityGlobals) = postSolution
		SolutionGuid = {199BBEE3-32AF-401E-B3F8-9ED03D4631F4}
	EndGlobalSection
EndGlobal
